
Microsoft Visual Studio Solution File, Format Version 12.00
# Visual Studio 14
VisualStudioVersion = 14.0.25420.1
MinimumVisualStudioVersion = 10.0.40219.1
Project("{2150E333-8FDC-42A3-9474-1A3956D46DE8}") = "BusinessLayer", "BusinessLayer", "{C1F372B3-17F0-4B9E-A36A-FBA8F4352ED2}"
EndProject
Project("{2150E333-8FDC-42A3-9474-1A3956D46DE8}") = "BusinessService", "BusinessService", "{B1926A7F-6195-40DF-A32C-5827506C3417}"
EndProject
Project("{2150E333-8FDC-42A3-9474-1A3956D46DE8}") = "DataAccessLayer", "DataAccessLayer", "{6F7ADB83-314B-4909-8B51-92C5E2BBC4B5}"
EndProject
Project("{2150E333-8FDC-42A3-9474-1A3956D46DE8}") = "DataProcessLayer", "DataProcessLayer", "{552C1ED3-6609-4E22-B5B0-96AAAA1FA490}"
EndProject
Project("{2150E333-8FDC-42A3-9474-1A3956D46DE8}") = "UnitTest", "UnitTest", "{F1F0B5C8-784E-45C6-B6BA-E2BCA517AFF3}"
EndProject
Project("{2150E333-8FDC-42A3-9474-1A3956D46DE8}") = "UI", "UI", "{9F4BDED2-7633-45AB-8D11-3A3ACD1D7631}"
EndProject
Project("{2150E333-8FDC-42A3-9474-1A3956D46DE8}") = "BusinessLogic", "BusinessLogic", "{EDFACBE0-CE63-408F-96CA-7E42777C6501}"
EndProject
Project("{2150E333-8FDC-42A3-9474-1A3956D46DE8}") = "BusinessModel", "BusinessModel", "{5C03BCF9-32EF-409E-A15E-AC3D7F1EBF9F}"
EndProject
Project("{FAE04EC0-301F-11D3-BF4B-00C04F79EFBC}") = "WSMobileApp.DataAccessLayer", "DataAccessLayer\WSMobileApp.DataAccessLayer\WSMobileApp.DataAccessLayer.csproj", "{98B56EE2-B475-4094-A650-F5FD78949DE5}"
EndProject
Project("{FAE04EC0-301F-11D3-BF4B-00C04F79EFBC}") = "WSMobileApp.BusinessModel", "BusinessLayer\BusinessModel\WSMobileApp.BusinessModel\WSMobileApp.BusinessModel.csproj", "{7263585A-9871-40DF-8F4C-B7BD785A746B}"
EndProject
Project("{2150E333-8FDC-42A3-9474-1A3956D46DE8}") = "Common", "Common", "{5FF45B40-4F0F-4FFE-AF5F-AFC957504352}"
EndProject
Project("{FAE04EC0-301F-11D3-BF4B-00C04F79EFBC}") = "WSMobileApp.Common", "Common\WSMobileApp.Common\WSMobileApp.Common.csproj", "{F4BC6DDE-6020-4D97-B54B-2B4CAC40A57F}"
EndProject
Project("{FAE04EC0-301F-11D3-BF4B-00C04F79EFBC}") = "WSMobileApp.DataProcess", "DataProcessLayer\WSMobileApp.DataProcess\WSMobileApp.DataProcess.csproj", "{36951946-330D-46C3-ABDE-A065653F1BFF}"
EndProject
Project("{FAE04EC0-301F-11D3-BF4B-00C04F79EFBC}") = "WSMobileApp.BusinessLogic", "BusinessLayer\BusinessLogic\WSMobileApp.BusinessLogic\WSMobileApp.BusinessLogic.csproj", "{16B9D26D-9027-4B0E-8118-268C63D7EDBD}"
EndProject
Project("{FAE04EC0-301F-11D3-BF4B-00C04F79EFBC}") = "WSMobileApplication.BusinessService", "BusinessService\WSMobileApplication.BusinessService\WSMobileApplication.BusinessService.csproj", "{B66CC650-9354-48B1-8B75-C42CA48FC67E}"
EndProject
Project("{FAE04EC0-301F-11D3-BF4B-00C04F79EFBC}") = "WSMobileApp.UnitTest.UserLogin", "UnitTest\WSMobileApp.UnitTest.UserLogin\WSMobileApp.UnitTest.UserLogin.csproj", "{84EA971B-FEB6-4745-96EE-4D0999618AE1}"
EndProject
Project("{FAE04EC0-301F-11D3-BF4B-00C04F79EFBC}") = "WSMobileApp.UnitTest.ValidateOneTimePassword", "UnitTest\WSMobileApp.UnitTest.ValidateOneTimePassword\WSMobileApp.UnitTest.ValidateOneTimePassword.csproj", "{A96C47AB-9ACE-406A-9539-C83DB55DD44B}"
EndProject
Project("{FAE04EC0-301F-11D3-BF4B-00C04F79EFBC}") = "WSMobileApp.UnitTest.ManageUserProfile", "UnitTest\WSMobileApp.UnitTest.ManageUserProfile\WSMobileApp.UnitTest.ManageUserProfile.csproj", "{70FCC617-A818-4C9A-8901-31D4FC588C08}"
EndProject
Project("{FAE04EC0-301F-11D3-BF4B-00C04F79EFBC}") = "WSMobileApp.UnitTest.ManageDealerProfile", "UnitTest\WSMobileApp.UnitTest.ManageDealerProfile\WSMobileApp.UnitTest.ManageDealerProfile.csproj", "{301DE9F7-AE52-49BE-A44F-71AD0068E1F1}"
EndProject
Project("{FAE04EC0-301F-11D3-BF4B-00C04F79EFBC}") = "WSMobileApp.UnitTest.ManageOfferDetails", "UnitTest\WSMobileApp.UnitTest.ManageOfferDetails\WSMobileApp.UnitTest.ManageOfferDetails.csproj", "{BD991C5B-472C-41FD-A4BB-8BC69651C22D}"
EndProject
Project("{FAE04EC0-301F-11D3-BF4B-00C04F79EFBC}") = "WSMobileApp.UnitTest.DealerRatings", "UnitTest\WSMobileApp.UnitTest.DealerRatings\WSMobileApp.UnitTest.DealerRatings.csproj", "{0A7F6F4A-FAC3-41B3-9BD9-CECBB8E68F2C}"
EndProject
Project("{FAE04EC0-301F-11D3-BF4B-00C04F79EFBC}") = "WSMobileApp.UnitTest.ManageProfilePicture", "UnitTest\WSMobileApp.UnitTest.ManageProfilePicture\WSMobileApp.UnitTest.ManageProfilePicture.csproj", "{E34B60AA-89AF-44D4-AED2-ED35DC2FFE78}"
EndProject
Project("{FAE04EC0-301F-11D3-BF4B-00C04F79EFBC}") = "WSMobileApp.UnitTest.ManageCarDetails", "UnitTest\WSMobileApp.UnitTest.ManageCarDetails\WSMobileApp.UnitTest.ManageCarDetails.csproj", "{10C6AF4E-A3CB-4A48-BDDD-79CF8F5D1922}"
EndProject
Project("{FAE04EC0-301F-11D3-BF4B-00C04F79EFBC}") = "WSMobileApp.Web.UI", "UI\WSMobileApp.Web.UI\WSMobileApp.Web.UI.csproj", "{65A2EDFB-2BE3-487D-B0C8-5219AD10FAAC}"
EndProject
Project("{FAE04EC0-301F-11D3-BF4B-00C04F79EFBC}") = "WSMobileApp.Web.UI.BlobStorage", "UI\WSMobileApp.Web.UI.BlobStorage\WSMobileApp.Web.UI.BlobStorage.csproj", "{D6A82823-0CD0-4F04-81B5-4791CB468919}"
EndProject
Project("{FAE04EC0-301F-11D3-BF4B-00C04F79EFBC}") = "WSMobileApp.UnitTest.ManageServiceRequest", "UnitTests\WSMobileApp.UnitTest.ManageServiceRequest\WSMobileApp.UnitTest.ManageServiceRequest.csproj", "{76A1D7F1-A8EB-4FD4-A35B-A23612BBAED9}"
EndProject
Project("{FAE04EC0-301F-11D3-BF4B-00C04F79EFBC}") = "WSMobileApp.UnitTest.SMSNotification", "UnitTest\WSMobileApp.UnitTest.SMSNotification\WSMobileApp.UnitTest.SMSNotification.csproj", "{4378ED44-90DA-4FB9-BC00-DB8D5752F8DA}"
EndProject
Project("{2150E333-8FDC-42A3-9474-1A3956D46DE8}") = "Notification", "Notification", "{9E7BF9A8-86E9-4F67-8741-B18980619880}"
EndProject
Project("{FAE04EC0-301F-11D3-BF4B-00C04F79EFBC}") = "WSMobileApp.Notification", "Notification\WSMobileApp.Notification\WSMobileApp.Notification.csproj", "{950BE3D0-8CD5-48C9-8769-A65D0473FBC4}"
EndProject
Project("{FAE04EC0-301F-11D3-BF4B-00C04F79EFBC}") = "WSMobileApp.ManageServiceStatus", "UnitTest\WSMobileApp.ManageServiceStatus\WSMobileApp.ManageServiceStatus.csproj", "{67596055-F083-4B5A-80C8-625E6111CFA6}"
EndProject
Project("{FAE04EC0-301F-11D3-BF4B-00C04F79EFBC}") = "WSMobileApp.UnitTest.FilterDealer", "UnitTest\WSMobileApp.UnitTest.FilterDealer\WSMobileApp.UnitTest.FilterDealer.csproj", "{E266C49F-F6AF-40B1-969A-9894FDFDE4A2}"
EndProject
Global
	GlobalSection(SolutionConfigurationPlatforms) = preSolution
		Debug|Any CPU = Debug|Any CPU
		Release|Any CPU = Release|Any CPU
	EndGlobalSection
	GlobalSection(ProjectConfigurationPlatforms) = postSolution
		{98B56EE2-B475-4094-A650-F5FD78949DE5}.Debug|Any CPU.ActiveCfg = Debug|Any CPU
		{98B56EE2-B475-4094-A650-F5FD78949DE5}.Debug|Any CPU.Build.0 = Debug|Any CPU
		{98B56EE2-B475-4094-A650-F5FD78949DE5}.Release|Any CPU.ActiveCfg = Release|Any CPU
		{98B56EE2-B475-4094-A650-F5FD78949DE5}.Release|Any CPU.Build.0 = Release|Any CPU
		{7263585A-9871-40DF-8F4C-B7BD785A746B}.Debug|Any CPU.ActiveCfg = Debug|Any CPU
		{7263585A-9871-40DF-8F4C-B7BD785A746B}.Debug|Any CPU.Build.0 = Debug|Any CPU
		{7263585A-9871-40DF-8F4C-B7BD785A746B}.Release|Any CPU.ActiveCfg = Release|Any CPU
		{7263585A-9871-40DF-8F4C-B7BD785A746B}.Release|Any CPU.Build.0 = Release|Any CPU
		{F4BC6DDE-6020-4D97-B54B-2B4CAC40A57F}.Debug|Any CPU.ActiveCfg = Debug|Any CPU
		{F4BC6DDE-6020-4D97-B54B-2B4CAC40A57F}.Debug|Any CPU.Build.0 = Debug|Any CPU
		{F4BC6DDE-6020-4D97-B54B-2B4CAC40A57F}.Release|Any CPU.ActiveCfg = Release|Any CPU
		{F4BC6DDE-6020-4D97-B54B-2B4CAC40A57F}.Release|Any CPU.Build.0 = Release|Any CPU
		{36951946-330D-46C3-ABDE-A065653F1BFF}.Debug|Any CPU.ActiveCfg = Debug|Any CPU
		{36951946-330D-46C3-ABDE-A065653F1BFF}.Debug|Any CPU.Build.0 = Debug|Any CPU
		{36951946-330D-46C3-ABDE-A065653F1BFF}.Release|Any CPU.ActiveCfg = Release|Any CPU
		{36951946-330D-46C3-ABDE-A065653F1BFF}.Release|Any CPU.Build.0 = Release|Any CPU
		{16B9D26D-9027-4B0E-8118-268C63D7EDBD}.Debug|Any CPU.ActiveCfg = Debug|Any CPU
		{16B9D26D-9027-4B0E-8118-268C63D7EDBD}.Debug|Any CPU.Build.0 = Debug|Any CPU
		{16B9D26D-9027-4B0E-8118-268C63D7EDBD}.Release|Any CPU.ActiveCfg = Release|Any CPU
		{16B9D26D-9027-4B0E-8118-268C63D7EDBD}.Release|Any CPU.Build.0 = Release|Any CPU
		{B66CC650-9354-48B1-8B75-C42CA48FC67E}.Debug|Any CPU.ActiveCfg = Debug|Any CPU
		{B66CC650-9354-48B1-8B75-C42CA48FC67E}.Debug|Any CPU.Build.0 = Debug|Any CPU
		{B66CC650-9354-48B1-8B75-C42CA48FC67E}.Release|Any CPU.ActiveCfg = Release|Any CPU
		{B66CC650-9354-48B1-8B75-C42CA48FC67E}.Release|Any CPU.Build.0 = Release|Any CPU
		{84EA971B-FEB6-4745-96EE-4D0999618AE1}.Debug|Any CPU.ActiveCfg = Debug|Any CPU
		{84EA971B-FEB6-4745-96EE-4D0999618AE1}.Debug|Any CPU.Build.0 = Debug|Any CPU
		{84EA971B-FEB6-4745-96EE-4D0999618AE1}.Release|Any CPU.ActiveCfg = Release|Any CPU
		{84EA971B-FEB6-4745-96EE-4D0999618AE1}.Release|Any CPU.Build.0 = Release|Any CPU
		{A96C47AB-9ACE-406A-9539-C83DB55DD44B}.Debug|Any CPU.ActiveCfg = Debug|Any CPU
		{A96C47AB-9ACE-406A-9539-C83DB55DD44B}.Debug|Any CPU.Build.0 = Debug|Any CPU
		{A96C47AB-9ACE-406A-9539-C83DB55DD44B}.Release|Any CPU.ActiveCfg = Release|Any CPU
		{A96C47AB-9ACE-406A-9539-C83DB55DD44B}.Release|Any CPU.Build.0 = Release|Any CPU
		{70FCC617-A818-4C9A-8901-31D4FC588C08}.Debug|Any CPU.ActiveCfg = Debug|Any CPU
		{70FCC617-A818-4C9A-8901-31D4FC588C08}.Debug|Any CPU.Build.0 = Debug|Any CPU
		{70FCC617-A818-4C9A-8901-31D4FC588C08}.Release|Any CPU.ActiveCfg = Release|Any CPU
		{70FCC617-A818-4C9A-8901-31D4FC588C08}.Release|Any CPU.Build.0 = Release|Any CPU
		{301DE9F7-AE52-49BE-A44F-71AD0068E1F1}.Debug|Any CPU.ActiveCfg = Debug|Any CPU
		{301DE9F7-AE52-49BE-A44F-71AD0068E1F1}.Debug|Any CPU.Build.0 = Debug|Any CPU
		{301DE9F7-AE52-49BE-A44F-71AD0068E1F1}.Release|Any CPU.ActiveCfg = Release|Any CPU
		{301DE9F7-AE52-49BE-A44F-71AD0068E1F1}.Release|Any CPU.Build.0 = Release|Any CPU
		{BD991C5B-472C-41FD-A4BB-8BC69651C22D}.Debug|Any CPU.ActiveCfg = Debug|Any CPU
		{BD991C5B-472C-41FD-A4BB-8BC69651C22D}.Debug|Any CPU.Build.0 = Debug|Any CPU
		{BD991C5B-472C-41FD-A4BB-8BC69651C22D}.Release|Any CPU.ActiveCfg = Release|Any CPU
		{BD991C5B-472C-41FD-A4BB-8BC69651C22D}.Release|Any CPU.Build.0 = Release|Any CPU
		{0A7F6F4A-FAC3-41B3-9BD9-CECBB8E68F2C}.Debug|Any CPU.ActiveCfg = Debug|Any CPU
		{0A7F6F4A-FAC3-41B3-9BD9-CECBB8E68F2C}.Debug|Any CPU.Build.0 = Debug|Any CPU
		{0A7F6F4A-FAC3-41B3-9BD9-CECBB8E68F2C}.Release|Any CPU.ActiveCfg = Release|Any CPU
		{0A7F6F4A-FAC3-41B3-9BD9-CECBB8E68F2C}.Release|Any CPU.Build.0 = Release|Any CPU
		{E34B60AA-89AF-44D4-AED2-ED35DC2FFE78}.Debug|Any CPU.ActiveCfg = Debug|Any CPU
		{E34B60AA-89AF-44D4-AED2-ED35DC2FFE78}.Debug|Any CPU.Build.0 = Debug|Any CPU
		{E34B60AA-89AF-44D4-AED2-ED35DC2FFE78}.Release|Any CPU.ActiveCfg = Release|Any CPU
		{E34B60AA-89AF-44D4-AED2-ED35DC2FFE78}.Release|Any CPU.Build.0 = Release|Any CPU
		{10C6AF4E-A3CB-4A48-BDDD-79CF8F5D1922}.Debug|Any CPU.ActiveCfg = Debug|Any CPU
		{10C6AF4E-A3CB-4A48-BDDD-79CF8F5D1922}.Debug|Any CPU.Build.0 = Debug|Any CPU
		{10C6AF4E-A3CB-4A48-BDDD-79CF8F5D1922}.Release|Any CPU.ActiveCfg = Release|Any CPU
		{10C6AF4E-A3CB-4A48-BDDD-79CF8F5D1922}.Release|Any CPU.Build.0 = Release|Any CPU
		{65A2EDFB-2BE3-487D-B0C8-5219AD10FAAC}.Debug|Any CPU.ActiveCfg = Debug|Any CPU
		{65A2EDFB-2BE3-487D-B0C8-5219AD10FAAC}.Debug|Any CPU.Build.0 = Debug|Any CPU
		{65A2EDFB-2BE3-487D-B0C8-5219AD10FAAC}.Release|Any CPU.ActiveCfg = Release|Any CPU
		{65A2EDFB-2BE3-487D-B0C8-5219AD10FAAC}.Release|Any CPU.Build.0 = Release|Any CPU
		{D6A82823-0CD0-4F04-81B5-4791CB468919}.Debug|Any CPU.ActiveCfg = Debug|Any CPU
		{D6A82823-0CD0-4F04-81B5-4791CB468919}.Debug|Any CPU.Build.0 = Debug|Any CPU
		{D6A82823-0CD0-4F04-81B5-4791CB468919}.Release|Any CPU.ActiveCfg = Release|Any CPU
		{D6A82823-0CD0-4F04-81B5-4791CB468919}.Release|Any CPU.Build.0 = Release|Any CPU
		{76A1D7F1-A8EB-4FD4-A35B-A23612BBAED9}.Debug|Any CPU.ActiveCfg = Debug|Any CPU
		{76A1D7F1-A8EB-4FD4-A35B-A23612BBAED9}.Debug|Any CPU.Build.0 = Debug|Any CPU
		{76A1D7F1-A8EB-4FD4-A35B-A23612BBAED9}.Release|Any CPU.ActiveCfg = Release|Any CPU
		{76A1D7F1-A8EB-4FD4-A35B-A23612BBAED9}.Release|Any CPU.Build.0 = Release|Any CPU
		{4378ED44-90DA-4FB9-BC00-DB8D5752F8DA}.Debug|Any CPU.ActiveCfg = Debug|Any CPU
		{4378ED44-90DA-4FB9-BC00-DB8D5752F8DA}.Debug|Any CPU.Build.0 = Debug|Any CPU
		{4378ED44-90DA-4FB9-BC00-DB8D5752F8DA}.Release|Any CPU.ActiveCfg = Release|Any CPU
		{4378ED44-90DA-4FB9-BC00-DB8D5752F8DA}.Release|Any CPU.Build.0 = Release|Any CPU
		{950BE3D0-8CD5-48C9-8769-A65D0473FBC4}.Debug|Any CPU.ActiveCfg = Debug|Any CPU
		{950BE3D0-8CD5-48C9-8769-A65D0473FBC4}.Debug|Any CPU.Build.0 = Debug|Any CPU
		{950BE3D0-8CD5-48C9-8769-A65D0473FBC4}.Release|Any CPU.ActiveCfg = Release|Any CPU
		{950BE3D0-8CD5-48C9-8769-A65D0473FBC4}.Release|Any CPU.Build.0 = Release|Any CPU
		{67596055-F083-4B5A-80C8-625E6111CFA6}.Debug|Any CPU.ActiveCfg = Debug|Any CPU
		{67596055-F083-4B5A-80C8-625E6111CFA6}.Debug|Any CPU.Build.0 = Debug|Any CPU
		{67596055-F083-4B5A-80C8-625E6111CFA6}.Release|Any CPU.ActiveCfg = Release|Any CPU
		{67596055-F083-4B5A-80C8-625E6111CFA6}.Release|Any CPU.Build.0 = Release|Any CPU
		{E266C49F-F6AF-40B1-969A-9894FDFDE4A2}.Debug|Any CPU.ActiveCfg = Debug|Any CPU
		{E266C49F-F6AF-40B1-969A-9894FDFDE4A2}.Debug|Any CPU.Build.0 = Debug|Any CPU
		{E266C49F-F6AF-40B1-969A-9894FDFDE4A2}.Release|Any CPU.ActiveCfg = Release|Any CPU
		{E266C49F-F6AF-40B1-969A-9894FDFDE4A2}.Release|Any CPU.Build.0 = Release|Any CPU
	EndGlobalSection
	GlobalSection(SolutionProperties) = preSolution
		HideSolutionNode = FALSE
	EndGlobalSection
	GlobalSection(NestedProjects) = preSolution
		{EDFACBE0-CE63-408F-96CA-7E42777C6501} = {C1F372B3-17F0-4B9E-A36A-FBA8F4352ED2}
		{5C03BCF9-32EF-409E-A15E-AC3D7F1EBF9F} = {C1F372B3-17F0-4B9E-A36A-FBA8F4352ED2}
		{98B56EE2-B475-4094-A650-F5FD78949DE5} = {6F7ADB83-314B-4909-8B51-92C5E2BBC4B5}
		{7263585A-9871-40DF-8F4C-B7BD785A746B} = {5C03BCF9-32EF-409E-A15E-AC3D7F1EBF9F}
		{F4BC6DDE-6020-4D97-B54B-2B4CAC40A57F} = {5FF45B40-4F0F-4FFE-AF5F-AFC957504352}
		{36951946-330D-46C3-ABDE-A065653F1BFF} = {552C1ED3-6609-4E22-B5B0-96AAAA1FA490}
		{16B9D26D-9027-4B0E-8118-268C63D7EDBD} = {EDFACBE0-CE63-408F-96CA-7E42777C6501}
		{B66CC650-9354-48B1-8B75-C42CA48FC67E} = {B1926A7F-6195-40DF-A32C-5827506C3417}
		{84EA971B-FEB6-4745-96EE-4D0999618AE1} = {F1F0B5C8-784E-45C6-B6BA-E2BCA517AFF3}
		{A96C47AB-9ACE-406A-9539-C83DB55DD44B} = {F1F0B5C8-784E-45C6-B6BA-E2BCA517AFF3}
		{70FCC617-A818-4C9A-8901-31D4FC588C08} = {F1F0B5C8-784E-45C6-B6BA-E2BCA517AFF3}
		{301DE9F7-AE52-49BE-A44F-71AD0068E1F1} = {F1F0B5C8-784E-45C6-B6BA-E2BCA517AFF3}
		{BD991C5B-472C-41FD-A4BB-8BC69651C22D} = {F1F0B5C8-784E-45C6-B6BA-E2BCA517AFF3}
		{0A7F6F4A-FAC3-41B3-9BD9-CECBB8E68F2C} = {F1F0B5C8-784E-45C6-B6BA-E2BCA517AFF3}
		{E34B60AA-89AF-44D4-AED2-ED35DC2FFE78} = {F1F0B5C8-784E-45C6-B6BA-E2BCA517AFF3}
		{10C6AF4E-A3CB-4A48-BDDD-79CF8F5D1922} = {F1F0B5C8-784E-45C6-B6BA-E2BCA517AFF3}
		{65A2EDFB-2BE3-487D-B0C8-5219AD10FAAC} = {9F4BDED2-7633-45AB-8D11-3A3ACD1D7631}
		{D6A82823-0CD0-4F04-81B5-4791CB468919} = {9F4BDED2-7633-45AB-8D11-3A3ACD1D7631}
		{76A1D7F1-A8EB-4FD4-A35B-A23612BBAED9} = {F1F0B5C8-784E-45C6-B6BA-E2BCA517AFF3}
		{4378ED44-90DA-4FB9-BC00-DB8D5752F8DA} = {F1F0B5C8-784E-45C6-B6BA-E2BCA517AFF3}
		{950BE3D0-8CD5-48C9-8769-A65D0473FBC4} = {9E7BF9A8-86E9-4F67-8741-B18980619880}
		{67596055-F083-4B5A-80C8-625E6111CFA6} = {F1F0B5C8-784E-45C6-B6BA-E2BCA517AFF3}
		{E266C49F-F6AF-40B1-969A-9894FDFDE4A2} = {F1F0B5C8-784E-45C6-B6BA-E2BCA517AFF3}
	EndGlobalSection
EndGlobal
